
Microsoft Visual Studio Solution File, Format Version 12.00
# Visual Studio Version 17
VisualStudioVersion = 17.5.002.0
MinimumVisualStudioVersion = 10.0.40219.1
Project("{9A19103F-16F7-4668-BE54-9A1E7A4F7556}") = "EbayService", "EbayService.csproj", "{2C8DC2F2-18AA-4AA4-A625-9FD211AEDDD4}"
EndProject
Global
	GlobalSection(SolutionConfigurationPlatforms) = preSolution
		Debug|Any CPU = Debug|Any CPU
		Release|Any CPU = Release|Any CPU
	EndGlobalSection
	GlobalSection(ProjectConfigurationPlatforms) = postSolution
		{2C8DC2F2-18AA-4AA4-A625-9FD211AEDDD4}.Debug|Any CPU.ActiveCfg = Debug|Any CPU
		{2C8DC2F2-18AA-4AA4-A625-9FD211AEDDD4}.Debug|Any CPU.Build.0 = Debug|Any CPU
		{2C8DC2F2-18AA-4AA4-A625-9FD211AEDDD4}.Release|Any CPU.ActiveCfg = Release|Any CPU
		{2C8DC2F2-18AA-4AA4-A625-9FD211AEDDD4}.Release|Any CPU.Build.0 = Release|Any CPU
	EndGlobalSection
	GlobalSection(SolutionProperties) = preSolution
		HideSolutionNode = FALSE
	EndGlobalSection
	GlobalSection(ExtensibilityGlobals) = postSolution
		SolutionGuid = {9134265A-5A2E-4C79-8CA2-B26CE268AEB2}
	EndGlobalSection
EndGlobal
